
Microsoft Visual Studio Solution File, Format Version 12.00
# Visual Studio Version 16
VisualStudioVersion = 16.0.30907.101
MinimumVisualStudioVersion = 10.0.40219.1
Project("{FAE04EC0-301F-11D3-BF4B-00C04F79EFBC}") = "PersonUnitTest", "PersonUnitTest\PersonUnitTest.csproj", "{642B9F00-0909-4A3B-AA82-ECB585D9AD08}"
EndProject
Project("{FAE04EC0-301F-11D3-BF4B-00C04F79EFBC}") = "HotelService", "HotelService\HotelService.csproj", "{6388B985-E989-4C1F-ADFC-FE9F0854D77E}"
EndProject
Project("{FAE04EC0-301F-11D3-BF4B-00C04F79EFBC}") = "DataAccess", "DataAccess\DataAccess.csproj", "{1C491851-80F8-452B-B111-0CD24921C68E}"
EndProject
Project("{FAE04EC0-301F-11D3-BF4B-00C04F79EFBC}") = "Model", "Model\Model.csproj", "{800C31D6-9B54-4D3A-87B6-7919A2654F43}"
EndProject
Global
	GlobalSection(SolutionConfigurationPlatforms) = preSolution
		Debug|Any CPU = Debug|Any CPU
		Release|Any CPU = Release|Any CPU
	EndGlobalSection
	GlobalSection(ProjectConfigurationPlatforms) = postSolution
		{642B9F00-0909-4A3B-AA82-ECB585D9AD08}.Debug|Any CPU.ActiveCfg = Debug|Any CPU
		{642B9F00-0909-4A3B-AA82-ECB585D9AD08}.Debug|Any CPU.Build.0 = Debug|Any CPU
		{642B9F00-0909-4A3B-AA82-ECB585D9AD08}.Release|Any CPU.ActiveCfg = Release|Any CPU
		{642B9F00-0909-4A3B-AA82-ECB585D9AD08}.Release|Any CPU.Build.0 = Release|Any CPU
		{6388B985-E989-4C1F-ADFC-FE9F0854D77E}.Debug|Any CPU.ActiveCfg = Debug|Any CPU
		{6388B985-E989-4C1F-ADFC-FE9F0854D77E}.Debug|Any CPU.Build.0 = Debug|Any CPU
		{6388B985-E989-4C1F-ADFC-FE9F0854D77E}.Release|Any CPU.ActiveCfg = Release|Any CPU
		{6388B985-E989-4C1F-ADFC-FE9F0854D77E}.Release|Any CPU.Build.0 = Release|Any CPU
		{1C491851-80F8-452B-B111-0CD24921C68E}.Debug|Any CPU.ActiveCfg = Debug|Any CPU
		{1C491851-80F8-452B-B111-0CD24921C68E}.Debug|Any CPU.Build.0 = Debug|Any CPU
		{1C491851-80F8-452B-B111-0CD24921C68E}.Release|Any CPU.ActiveCfg = Release|Any CPU
		{1C491851-80F8-452B-B111-0CD24921C68E}.Release|Any CPU.Build.0 = Release|Any CPU
		{800C31D6-9B54-4D3A-87B6-7919A2654F43}.Debug|Any CPU.ActiveCfg = Debug|Any CPU
		{800C31D6-9B54-4D3A-87B6-7919A2654F43}.Debug|Any CPU.Build.0 = Debug|Any CPU
		{800C31D6-9B54-4D3A-87B6-7919A2654F43}.Release|Any CPU.ActiveCfg = Release|Any CPU
		{800C31D6-9B54-4D3A-87B6-7919A2654F43}.Release|Any CPU.Build.0 = Release|Any CPU
	EndGlobalSection
	GlobalSection(SolutionProperties) = preSolution
		HideSolutionNode = FALSE
	EndGlobalSection
	GlobalSection(ExtensibilityGlobals) = postSolution
		SolutionGuid = {8A4D9AF1-5FB3-4391-90BC-A6BCE9671E19}
	EndGlobalSection
EndGlobal
