
Microsoft Visual Studio Solution File, Format Version 12.00
# Visual Studio Version 16
VisualStudioVersion = 16.0.30907.101
MinimumVisualStudioVersion = 10.0.40219.1
Project("{9A19103F-16F7-4668-BE54-9A1E7A4F7556}") = "HotelService", "HotelService\HotelService.csproj", "{6388B985-E989-4C1F-ADFC-FE9F0854D77E}"
EndProject
Project("{9A19103F-16F7-4668-BE54-9A1E7A4F7556}") = "DataAccess", "DataAccess\DataAccess.csproj", "{1C491851-80F8-452B-B111-0CD24921C68E}"
EndProject
Project("{9A19103F-16F7-4668-BE54-9A1E7A4F7556}") = "Model", "Model\Model.csproj", "{800C31D6-9B54-4D3A-87B6-7919A2654F43}"
EndProject
Project("{9A19103F-16F7-4668-BE54-9A1E7A4F7556}") = "WPF", "WPF\WPF.csproj", "{CBA359AA-B1AC-4B68-B069-3CCC8B15F28A}"
EndProject
Project("{9A19103F-16F7-4668-BE54-9A1E7A4F7556}") = "DataAccess.Test", "DataAccess.Test\DataAccess.Test.csproj", "{0DCC23E9-E1B0-479F-8E8F-AC5F416B0707}"
EndProject
Project("{9A19103F-16F7-4668-BE54-9A1E7A4F7556}") = "HotelService.Test", "HotelService.Test\HotelService.Test.csproj", "{1FDB123C-AAE2-4963-879E-513FE5F0DC3B}"
EndProject
Project("{2150E333-8FDC-42A3-9474-1A3956D46DE8}") = "src", "src", "{4F2CAA9D-E70A-46E9-B901-A7159AD41256}"
EndProject
Project("{2150E333-8FDC-42A3-9474-1A3956D46DE8}") = "test", "test", "{917C4AEC-4317-4B25-86E7-7BC8EAAFD562}"
EndProject
Project("{FAE04EC0-301F-11D3-BF4B-00C04F79EFBC}") = "WebAppHotelManagement", "..\..\..\Desktop\Send to tektuition\Første Version\MvcCoreDemoApp\TekTuition\MvcCoreDemoApp\WebAppHotelManagement\WebAppHotelManagement.csproj", "{94C07ECC-75D1-4F54-B206-B8BD05AE1BF3}"
EndProject
Global
	GlobalSection(SolutionConfigurationPlatforms) = preSolution
		Debug|Any CPU = Debug|Any CPU
		Release|Any CPU = Release|Any CPU
	EndGlobalSection
	GlobalSection(ProjectConfigurationPlatforms) = postSolution
		{6388B985-E989-4C1F-ADFC-FE9F0854D77E}.Debug|Any CPU.ActiveCfg = Debug|Any CPU
		{6388B985-E989-4C1F-ADFC-FE9F0854D77E}.Debug|Any CPU.Build.0 = Debug|Any CPU
		{6388B985-E989-4C1F-ADFC-FE9F0854D77E}.Release|Any CPU.ActiveCfg = Release|Any CPU
		{6388B985-E989-4C1F-ADFC-FE9F0854D77E}.Release|Any CPU.Build.0 = Release|Any CPU
		{1C491851-80F8-452B-B111-0CD24921C68E}.Debug|Any CPU.ActiveCfg = Debug|Any CPU
		{1C491851-80F8-452B-B111-0CD24921C68E}.Debug|Any CPU.Build.0 = Debug|Any CPU
		{1C491851-80F8-452B-B111-0CD24921C68E}.Release|Any CPU.ActiveCfg = Release|Any CPU
		{1C491851-80F8-452B-B111-0CD24921C68E}.Release|Any CPU.Build.0 = Release|Any CPU
		{800C31D6-9B54-4D3A-87B6-7919A2654F43}.Debug|Any CPU.ActiveCfg = Debug|Any CPU
		{800C31D6-9B54-4D3A-87B6-7919A2654F43}.Debug|Any CPU.Build.0 = Debug|Any CPU
		{800C31D6-9B54-4D3A-87B6-7919A2654F43}.Release|Any CPU.ActiveCfg = Release|Any CPU
		{800C31D6-9B54-4D3A-87B6-7919A2654F43}.Release|Any CPU.Build.0 = Release|Any CPU
		{CBA359AA-B1AC-4B68-B069-3CCC8B15F28A}.Debug|Any CPU.ActiveCfg = Debug|Any CPU
		{CBA359AA-B1AC-4B68-B069-3CCC8B15F28A}.Debug|Any CPU.Build.0 = Debug|Any CPU
		{CBA359AA-B1AC-4B68-B069-3CCC8B15F28A}.Release|Any CPU.ActiveCfg = Release|Any CPU
		{CBA359AA-B1AC-4B68-B069-3CCC8B15F28A}.Release|Any CPU.Build.0 = Release|Any CPU
		{0DCC23E9-E1B0-479F-8E8F-AC5F416B0707}.Debug|Any CPU.ActiveCfg = Debug|Any CPU
		{0DCC23E9-E1B0-479F-8E8F-AC5F416B0707}.Debug|Any CPU.Build.0 = Debug|Any CPU
		{0DCC23E9-E1B0-479F-8E8F-AC5F416B0707}.Release|Any CPU.ActiveCfg = Release|Any CPU
		{0DCC23E9-E1B0-479F-8E8F-AC5F416B0707}.Release|Any CPU.Build.0 = Release|Any CPU
		{1FDB123C-AAE2-4963-879E-513FE5F0DC3B}.Debug|Any CPU.ActiveCfg = Debug|Any CPU
		{1FDB123C-AAE2-4963-879E-513FE5F0DC3B}.Debug|Any CPU.Build.0 = Debug|Any CPU
		{1FDB123C-AAE2-4963-879E-513FE5F0DC3B}.Release|Any CPU.ActiveCfg = Release|Any CPU
		{1FDB123C-AAE2-4963-879E-513FE5F0DC3B}.Release|Any CPU.Build.0 = Release|Any CPU
		{94C07ECC-75D1-4F54-B206-B8BD05AE1BF3}.Debug|Any CPU.ActiveCfg = Debug|Any CPU
		{94C07ECC-75D1-4F54-B206-B8BD05AE1BF3}.Debug|Any CPU.Build.0 = Debug|Any CPU
		{94C07ECC-75D1-4F54-B206-B8BD05AE1BF3}.Release|Any CPU.ActiveCfg = Release|Any CPU
		{94C07ECC-75D1-4F54-B206-B8BD05AE1BF3}.Release|Any CPU.Build.0 = Release|Any CPU
	EndGlobalSection
	GlobalSection(SolutionProperties) = preSolution
		HideSolutionNode = FALSE
	EndGlobalSection
	GlobalSection(NestedProjects) = preSolution
		{6388B985-E989-4C1F-ADFC-FE9F0854D77E} = {4F2CAA9D-E70A-46E9-B901-A7159AD41256}
		{1C491851-80F8-452B-B111-0CD24921C68E} = {4F2CAA9D-E70A-46E9-B901-A7159AD41256}
		{800C31D6-9B54-4D3A-87B6-7919A2654F43} = {4F2CAA9D-E70A-46E9-B901-A7159AD41256}
		{CBA359AA-B1AC-4B68-B069-3CCC8B15F28A} = {4F2CAA9D-E70A-46E9-B901-A7159AD41256}
		{0DCC23E9-E1B0-479F-8E8F-AC5F416B0707} = {917C4AEC-4317-4B25-86E7-7BC8EAAFD562}
		{1FDB123C-AAE2-4963-879E-513FE5F0DC3B} = {917C4AEC-4317-4B25-86E7-7BC8EAAFD562}
		{94C07ECC-75D1-4F54-B206-B8BD05AE1BF3} = {4F2CAA9D-E70A-46E9-B901-A7159AD41256}
	EndGlobalSection
	GlobalSection(ExtensibilityGlobals) = postSolution
		SolutionGuid = {8A4D9AF1-5FB3-4391-90BC-A6BCE9671E19}
	EndGlobalSection
EndGlobal
